
Microsoft Visual Studio Solution File, Format Version 11.00
# Visual Studio 2010
Project("{FAE04EC0-301F-11D3-BF4B-00C04F79EFBC}") = "GestionPostes", "GestionPostes\GestionPostes.csproj", "{A793451F-22FE-4617-B38B-EADC5A9C3B1C}"
EndProject
Global
	GlobalSection(SolutionConfigurationPlatforms) = preSolution
		Debug|x86 = Debug|x86
		Release|x86 = Release|x86
	EndGlobalSection
	GlobalSection(ProjectConfigurationPlatforms) = postSolution
		{A793451F-22FE-4617-B38B-EADC5A9C3B1C}.Debug|x86.ActiveCfg = Debug|x86
		{A793451F-22FE-4617-B38B-EADC5A9C3B1C}.Debug|x86.Build.0 = Debug|x86
		{A793451F-22FE-4617-B38B-EADC5A9C3B1C}.Release|x86.ActiveCfg = Release|x86
		{A793451F-22FE-4617-B38B-EADC5A9C3B1C}.Release|x86.Build.0 = Release|x86
	EndGlobalSection
	GlobalSection(SolutionProperties) = preSolution
		HideSolutionNode = FALSE
	EndGlobalSection
EndGlobal
